
Microsoft Visual Studio Solution File, Format Version 12.00
# Visual Studio Version 16
VisualStudioVersion = 16.0.31402.337
MinimumVisualStudioVersion = 10.0.40219.1
Project("{FAE04EC0-301F-11D3-BF4B-00C04F79EFBC}") = "WebApplication2", "WebApplication2\WebApplication2.csproj", "{C57263D4-2CB1-44D1-920E-39F7DEFD0878}"
EndProject
Global
	GlobalSection(SolutionConfigurationPlatforms) = preSolution
		Debug|Any CPU = Debug|Any CPU
		Release|Any CPU = Release|Any CPU
	EndGlobalSection
	GlobalSection(ProjectConfigurationPlatforms) = postSolution
		{C57263D4-2CB1-44D1-920E-39F7DEFD0878}.Debug|Any CPU.ActiveCfg = Debug|Any CPU
		{C57263D4-2CB1-44D1-920E-39F7DEFD0878}.Debug|Any CPU.Build.0 = Debug|Any CPU
		{C57263D4-2CB1-44D1-920E-39F7DEFD0878}.Release|Any CPU.ActiveCfg = Release|Any CPU
		{C57263D4-2CB1-44D1-920E-39F7DEFD0878}.Release|Any CPU.Build.0 = Release|Any CPU
	EndGlobalSection
	GlobalSection(SolutionProperties) = preSolution
		HideSolutionNode = FALSE
	EndGlobalSection
	GlobalSection(ExtensibilityGlobals) = postSolution
		SolutionGuid = {47FCC2F3-D1C0-4653-BE5A-0AF66C4D4D1D}
	EndGlobalSection
EndGlobal
